// !$*UTF8*$!
{
	archiveVersion = 1;
	classes = {
	};
	objectVersion = 56;
	objects = {

/* Begin PBXBuildFile section */
		1314B0F72CB6F17C00BF8216 /* LiveActivityWidgetLiveActivity.swift in Sources */ = {isa = PBXBuildFile; fileRef = 13E9CF3E2CB6DB5100C24D12 /* LiveActivityWidgetLiveActivity.swift */; };
		13E9CF202CB6D69500C24D12 /* LiveActivityExampleApp.swift in Sources */ = {isa = PBXBuildFile; fileRef = 13E9CF1F2CB6D69500C24D12 /* LiveActivityExampleApp.swift */; };
		13E9CF222CB6D69500C24D12 /* ContentView.swift in Sources */ = {isa = PBXBuildFile; fileRef = 13E9CF212CB6D69500C24D12 /* ContentView.swift */; };
		13E9CF242CB6D69500C24D12 /* Item.swift in Sources */ = {isa = PBXBuildFile; fileRef = 13E9CF232CB6D69500C24D12 /* Item.swift */; };
		13E9CF262CB6D69700C24D12 /* Assets.xcassets in Resources */ = {isa = PBXBuildFile; fileRef = 13E9CF252CB6D69700C24D12 /* Assets.xcassets */; };
		13E9CF292CB6D69700C24D12 /* Preview Assets.xcassets in Resources */ = {isa = PBXBuildFile; fileRef = 13E9CF282CB6D69700C24D12 /* Preview Assets.xcassets */; };
		13E9CF382CB6DB5100C24D12 /* WidgetKit.framework in Frameworks */ = {isa = PBXBuildFile; fileRef = 13E9CF372CB6DB5100C24D12 /* WidgetKit.framework */; };
		13E9CF3A2CB6DB5100C24D12 /* SwiftUI.framework in Frameworks */ = {isa = PBXBuildFile; fileRef = 13E9CF392CB6DB5100C24D12 /* SwiftUI.framework */; };
		13E9CF3D2CB6DB5100C24D12 /* LiveActivityWidgetBundle.swift in Sources */ = {isa = PBXBuildFile; fileRef = 13E9CF3C2CB6DB5100C24D12 /* LiveActivityWidgetBundle.swift */; };
		13E9CF3F2CB6DB5100C24D12 /* LiveActivityWidgetLiveActivity.swift in Sources */ = {isa = PBXBuildFile; fileRef = 13E9CF3E2CB6DB5100C24D12 /* LiveActivityWidgetLiveActivity.swift */; };
		13E9CF452CB6DB5200C24D12 /* Assets.xcassets in Resources */ = {isa = PBXBuildFile; fileRef = 13E9CF442CB6DB5200C24D12 /* Assets.xcassets */; };
		13E9CF492CB6DB5200C24D12 /* LiveActivityWidgetExtension.appex in Embed Foundation Extensions */ = {isa = PBXBuildFile; fileRef = 13E9CF352CB6DB5100C24D12 /* LiveActivityWidgetExtension.appex */; settings = {ATTRIBUTES = (RemoveHeadersOnCopy, ); }; };
/* End PBXBuildFile section */

/* Begin PBXContainerItemProxy section */
		13E9CF472CB6DB5200C24D12 /* PBXContainerItemProxy */ = {
			isa = PBXContainerItemProxy;
			containerPortal = 13E9CF142CB6D69500C24D12 /* Project object */;
			proxyType = 1;
			remoteGlobalIDString = 13E9CF342CB6DB5100C24D12;
			remoteInfo = LiveActivityWidgetExtension;
		};
/* End PBXContainerItemProxy section */

/* Begin PBXCopyFilesBuildPhase section */
		13E9CF4D2CB6DB5200C24D12 /* Embed Foundation Extensions */ = {
			isa = PBXCopyFilesBuildPhase;
			buildActionMask = 2147483647;
			dstPath = "";
			dstSubfolderSpec = 13;
			files = (
				13E9CF492CB6DB5200C24D12 /* LiveActivityWidgetExtension.appex in Embed Foundation Extensions */,
			);
			name = "Embed Foundation Extensions";
			runOnlyForDeploymentPostprocessing = 0;
		};
/* End PBXCopyFilesBuildPhase section */

/* Begin PBXFileReference section */
		1314B0F42CB6EDD800BF8216 /* LiveActivityExample.entitlements */ = {isa = PBXFileReference; lastKnownFileType = text.plist.entitlements; path = LiveActivityExample.entitlements; sourceTree = "<group>"; };
		1314B0F52CB6EDDE00BF8216 /* LiveActivityWidgetExtension.entitlements */ = {isa = PBXFileReference; lastKnownFileType = text.plist.entitlements; path = LiveActivityWidgetExtension.entitlements; sourceTree = "<group>"; };
		1314B0F62CB6EE4A00BF8216 /* Info.plist */ = {isa = PBXFileReference; lastKnownFileType = text.plist; path = Info.plist; sourceTree = "<group>"; };
		13E9CF1C2CB6D69500C24D12 /* LiveActivityExample.app */ = {isa = PBXFileReference; explicitFileType = wrapper.application; includeInIndex = 0; path = LiveActivityExample.app; sourceTree = BUILT_PRODUCTS_DIR; };
		13E9CF1F2CB6D69500C24D12 /* LiveActivityExampleApp.swift */ = {isa = PBXFileReference; lastKnownFileType = sourcecode.swift; path = LiveActivityExampleApp.swift; sourceTree = "<group>"; };
		13E9CF212CB6D69500C24D12 /* ContentView.swift */ = {isa = PBXFileReference; lastKnownFileType = sourcecode.swift; path = ContentView.swift; sourceTree = "<group>"; };
		13E9CF232CB6D69500C24D12 /* Item.swift */ = {isa = PBXFileReference; lastKnownFileType = sourcecode.swift; path = Item.swift; sourceTree = "<group>"; };
		13E9CF252CB6D69700C24D12 /* Assets.xcassets */ = {isa = PBXFileReference; lastKnownFileType = folder.assetcatalog; path = Assets.xcassets; sourceTree = "<group>"; };
		13E9CF282CB6D69700C24D12 /* Preview Assets.xcassets */ = {isa = PBXFileReference; lastKnownFileType = folder.assetcatalog; path = "Preview Assets.xcassets"; sourceTree = "<group>"; };
		13E9CF352CB6DB5100C24D12 /* LiveActivityWidgetExtension.appex */ = {isa = PBXFileReference; explicitFileType = "wrapper.app-extension"; includeInIndex = 0; path = LiveActivityWidgetExtension.appex; sourceTree = BUILT_PRODUCTS_DIR; };
		13E9CF372CB6DB5100C24D12 /* WidgetKit.framework */ = {isa = PBXFileReference; lastKnownFileType = wrapper.framework; name = WidgetKit.framework; path = System/Library/Frameworks/WidgetKit.framework; sourceTree = SDKROOT; };
		13E9CF392CB6DB5100C24D12 /* SwiftUI.framework */ = {isa = PBXFileReference; lastKnownFileType = wrapper.framework; name = SwiftUI.framework; path = System/Library/Frameworks/SwiftUI.framework; sourceTree = SDKROOT; };
		13E9CF3C2CB6DB5100C24D12 /* LiveActivityWidgetBundle.swift */ = {isa = PBXFileReference; lastKnownFileType = sourcecode.swift; path = LiveActivityWidgetBundle.swift; sourceTree = "<group>"; };
		13E9CF3E2CB6DB5100C24D12 /* LiveActivityWidgetLiveActivity.swift */ = {isa = PBXFileReference; lastKnownFileType = sourcecode.swift; path = LiveActivityWidgetLiveActivity.swift; sourceTree = "<group>"; };
		13E9CF442CB6DB5200C24D12 /* Assets.xcassets */ = {isa = PBXFileReference; lastKnownFileType = folder.assetcatalog; path = Assets.xcassets; sourceTree = "<group>"; };
		13E9CF462CB6DB5200C24D12 /* Info.plist */ = {isa = PBXFileReference; lastKnownFileType = text.plist.xml; path = Info.plist; sourceTree = "<group>"; };
/* End PBXFileReference section */

/* Begin PBXFrameworksBuildPhase section */
		13E9CF192CB6D69500C24D12 /* Frameworks */ = {
			isa = PBXFrameworksBuildPhase;
			buildActionMask = 2147483647;
			files = (
			);
			runOnlyForDeploymentPostprocessing = 0;
		};
		13E9CF322CB6DB5100C24D12 /* Frameworks */ = {
			isa = PBXFrameworksBuildPhase;
			buildActionMask = 2147483647;
			files = (
				13E9CF3A2CB6DB5100C24D12 /* SwiftUI.framework in Frameworks */,
				13E9CF382CB6DB5100C24D12 /* WidgetKit.framework in Frameworks */,
			);
			runOnlyForDeploymentPostprocessing = 0;
		};
/* End PBXFrameworksBuildPhase section */

/* Begin PBXGroup section */
		13E9CF132CB6D69500C24D12 = {
			isa = PBXGroup;
			children = (
				1314B0F52CB6EDDE00BF8216 /* LiveActivityWidgetExtension.entitlements */,
				13E9CF1E2CB6D69500C24D12 /* LiveActivityExample */,
				13E9CF3B2CB6DB5100C24D12 /* LiveActivityWidget */,
				13E9CF362CB6DB5100C24D12 /* Frameworks */,
				13E9CF1D2CB6D69500C24D12 /* Products */,
			);
			sourceTree = "<group>";
		};
		13E9CF1D2CB6D69500C24D12 /* Products */ = {
			isa = PBXGroup;
			children = (
				13E9CF1C2CB6D69500C24D12 /* LiveActivityExample.app */,
				13E9CF352CB6DB5100C24D12 /* LiveActivityWidgetExtension.appex */,
			);
			name = Products;
			sourceTree = "<group>";
		};
		13E9CF1E2CB6D69500C24D12 /* LiveActivityExample */ = {
			isa = PBXGroup;
			children = (
				1314B0F62CB6EE4A00BF8216 /* Info.plist */,
				1314B0F42CB6EDD800BF8216 /* LiveActivityExample.entitlements */,
				13E9CF1F2CB6D69500C24D12 /* LiveActivityExampleApp.swift */,
				13E9CF212CB6D69500C24D12 /* ContentView.swift */,
				13E9CF232CB6D69500C24D12 /* Item.swift */,
				13E9CF252CB6D69700C24D12 /* Assets.xcassets */,
				13E9CF272CB6D69700C24D12 /* Preview Content */,
			);
			path = LiveActivityExample;
			sourceTree = "<group>";
		};
		13E9CF272CB6D69700C24D12 /* Preview Content */ = {
			isa = PBXGroup;
			children = (
				13E9CF282CB6D69700C24D12 /* Preview Assets.xcassets */,
			);
			path = "Preview Content";
			sourceTree = "<group>";
		};
		13E9CF362CB6DB5100C24D12 /* Frameworks */ = {
			isa = PBXGroup;
			children = (
				13E9CF372CB6DB5100C24D12 /* WidgetKit.framework */,
				13E9CF392CB6DB5100C24D12 /* SwiftUI.framework */,
			);
			name = Frameworks;
			sourceTree = "<group>";
		};
		13E9CF3B2CB6DB5100C24D12 /* LiveActivityWidget */ = {
			isa = PBXGroup;
			children = (
				13E9CF3C2CB6DB5100C24D12 /* LiveActivityWidgetBundle.swift */,
				13E9CF3E2CB6DB5100C24D12 /* LiveActivityWidgetLiveActivity.swift */,
				13E9CF442CB6DB5200C24D12 /* Assets.xcassets */,
				13E9CF462CB6DB5200C24D12 /* Info.plist */,
			);
			path = LiveActivityWidget;
			sourceTree = "<group>";
		};
/* End PBXGroup section */

/* Begin PBXNativeTarget section */
		13E9CF1B2CB6D69500C24D12 /* LiveActivityExample */ = {
			isa = PBXNativeTarget;
			buildConfigurationList = 13E9CF2C2CB6D69700C24D12 /* Build configuration list for PBXNativeTarget "LiveActivityExample" */;
			buildPhases = (
				13E9CF182CB6D69500C24D12 /* Sources */,
				13E9CF192CB6D69500C24D12 /* Frameworks */,
				13E9CF1A2CB6D69500C24D12 /* Resources */,
				13E9CF4D2CB6DB5200C24D12 /* Embed Foundation Extensions */,
			);
			buildRules = (
			);
			dependencies = (
				13E9CF482CB6DB5200C24D12 /* PBXTargetDependency */,
			);
			name = LiveActivityExample;
			productName = LiveActivityExample;
			productReference = 13E9CF1C2CB6D69500C24D12 /* LiveActivityExample.app */;
			productType = "com.apple.product-type.application";
		};
		13E9CF342CB6DB5100C24D12 /* LiveActivityWidgetExtension */ = {
			isa = PBXNativeTarget;
			buildConfigurationList = 13E9CF4A2CB6DB5200C24D12 /* Build configuration list for PBXNativeTarget "LiveActivityWidgetExtension" */;
			buildPhases = (
				13E9CF312CB6DB5100C24D12 /* Sources */,
				13E9CF322CB6DB5100C24D12 /* Frameworks */,
				13E9CF332CB6DB5100C24D12 /* Resources */,
			);
			buildRules = (
			);
			dependencies = (
			);
			name = LiveActivityWidgetExtension;
			productName = LiveActivityWidgetExtension;
			productReference = 13E9CF352CB6DB5100C24D12 /* LiveActivityWidgetExtension.appex */;
			productType = "com.apple.product-type.app-extension";
		};
/* End PBXNativeTarget section */

/* Begin PBXProject section */
		13E9CF142CB6D69500C24D12 /* Project object */ = {
			isa = PBXProject;
			attributes = {
				BuildIndependentTargetsInParallel = 1;
				LastSwiftUpdateCheck = 1540;
				LastUpgradeCheck = 1540;
				TargetAttributes = {
					13E9CF1B2CB6D69500C24D12 = {
						CreatedOnToolsVersion = 15.4;
					};
					13E9CF342CB6DB5100C24D12 = {
						CreatedOnToolsVersion = 15.4;
					};
				};
			};
			buildConfigurationList = 13E9CF172CB6D69500C24D12 /* Build configuration list for PBXProject "LiveActivityExample" */;
			compatibilityVersion = "Xcode 14.0";
			developmentRegion = en;
			hasScannedForEncodings = 0;
			knownRegions = (
				en,
				Base,
			);
			mainGroup = 13E9CF132CB6D69500C24D12;
			productRefGroup = 13E9CF1D2CB6D69500C24D12 /* Products */;
			projectDirPath = "";
			projectRoot = "";
			targets = (
				13E9CF1B2CB6D69500C24D12 /* LiveActivityExample */,
				13E9CF342CB6DB5100C24D12 /* LiveActivityWidgetExtension */,
			);
		};
/* End PBXProject section */

/* Begin PBXResourcesBuildPhase section */
		13E9CF1A2CB6D69500C24D12 /* Resources */ = {
			isa = PBXResourcesBuildPhase;
			buildActionMask = 2147483647;
			files = (
				13E9CF292CB6D69700C24D12 /* Preview Assets.xcassets in Resources */,
				13E9CF262CB6D69700C24D12 /* Assets.xcassets in Resources */,
			);
			runOnlyForDeploymentPostprocessing = 0;
		};
		13E9CF332CB6DB5100C24D12 /* Resources */ = {
			isa = PBXResourcesBuildPhase;
			buildActionMask = 2147483647;
			files = (
				13E9CF452CB6DB5200C24D12 /* Assets.xcassets in Resources */,
			);
			runOnlyForDeploymentPostprocessing = 0;
		};
/* End PBXResourcesBuildPhase section */

/* Begin PBXSourcesBuildPhase section */
		13E9CF182CB6D69500C24D12 /* Sources */ = {
			isa = PBXSourcesBuildPhase;
			buildActionMask = 2147483647;
			files = (
				13E9CF222CB6D69500C24D12 /* ContentView.swift in Sources */,
				1314B0F72CB6F17C00BF8216 /* LiveActivityWidgetLiveActivity.swift in Sources */,
				13E9CF242CB6D69500C24D12 /* Item.swift in Sources */,
				13E9CF202CB6D69500C24D12 /* LiveActivityExampleApp.swift in Sources */,
			);
			runOnlyForDeploymentPostprocessing = 0;
		};
		13E9CF312CB6DB5100C24D12 /* Sources */ = {
			isa = PBXSourcesBuildPhase;
			buildActionMask = 2147483647;
			files = (
				13E9CF3D2CB6DB5100C24D12 /* LiveActivityWidgetBundle.swift in Sources */,
				13E9CF3F2CB6DB5100C24D12 /* LiveActivityWidgetLiveActivity.swift in Sources */,
			);
			runOnlyForDeploymentPostprocessing = 0;
		};
/* End PBXSourcesBuildPhase section */

/* Begin PBXTargetDependency section */
		13E9CF482CB6DB5200C24D12 /* PBXTargetDependency */ = {
			isa = PBXTargetDependency;
			target = 13E9CF342CB6DB5100C24D12 /* LiveActivityWidgetExtension */;
			targetProxy = 13E9CF472CB6DB5200C24D12 /* PBXContainerItemProxy */;
		};
/* End PBXTargetDependency section */

/* Begin XCBuildConfiguration section */
		13E9CF2A2CB6D69700C24D12 /* Debug */ = {
			isa = XCBuildConfiguration;
			buildSettings = {
				ALWAYS_SEARCH_USER_PATHS = NO;
				ASSETCATALOG_COMPILER_GENERATE_SWIFT_ASSET_SYMBOL_EXTENSIONS = YES;
				CLANG_ANALYZER_NONNULL = YES;
				CLANG_ANALYZER_NUMBER_OBJECT_CONVERSION = YES_AGGRESSIVE;
				CLANG_CXX_LANGUAGE_STANDARD = "gnu++20";
				CLANG_ENABLE_MODULES = YES;
				CLANG_ENABLE_OBJC_ARC = YES;
				CLANG_ENABLE_OBJC_WEAK = YES;
				CLANG_WARN_BLOCK_CAPTURE_AUTORELEASING = YES;
				CLANG_WARN_BOOL_CONVERSION = YES;
				CLANG_WARN_COMMA = YES;
				CLANG_WARN_CONSTANT_CONVERSION = YES;
				CLANG_WARN_DEPRECATED_OBJC_IMPLEMENTATIONS = YES;
				CLANG_WARN_DIRECT_OBJC_ISA_USAGE = YES_ERROR;
				CLANG_WARN_DOCUMENTATION_COMMENTS = YES;
				CLANG_WARN_EMPTY_BODY = YES;
				CLANG_WARN_ENUM_CONVERSION = YES;
				CLANG_WARN_INFINITE_RECURSION = YES;
				CLANG_WARN_INT_CONVERSION = YES;
				CLANG_WARN_NON_LITERAL_NULL_CONVERSION = YES;
				CLANG_WARN_OBJC_IMPLICIT_RETAIN_SELF = YES;
				CLANG_WARN_OBJC_LITERAL_CONVERSION = YES;
				CLANG_WARN_OBJC_ROOT_CLASS = YES_ERROR;
				CLANG_WARN_QUOTED_INCLUDE_IN_FRAMEWORK_HEADER = YES;
				CLANG_WARN_RANGE_LOOP_ANALYSIS = YES;
				CLANG_WARN_STRICT_PROTOTYPES = YES;
				CLANG_WARN_SUSPICIOUS_MOVE = YES;
				CLANG_WARN_UNGUARDED_AVAILABILITY = YES_AGGRESSIVE;
				CLANG_WARN_UNREACHABLE_CODE = YES;
				CLANG_WARN__DUPLICATE_METHOD_MATCH = YES;
				COPY_PHASE_STRIP = NO;
				DEBUG_INFORMATION_FORMAT = dwarf;
				ENABLE_STRICT_OBJC_MSGSEND = YES;
				ENABLE_TESTABILITY = YES;
				ENABLE_USER_SCRIPT_SANDBOXING = YES;
				GCC_C_LANGUAGE_STANDARD = gnu17;
				GCC_DYNAMIC_NO_PIC = NO;
				GCC_NO_COMMON_BLOCKS = YES;
				GCC_OPTIMIZATION_LEVEL = 0;
				GCC_PREPROCESSOR_DEFINITIONS = (
					"DEBUG=1",
					"$(inherited)",
				);
				GCC_WARN_64_TO_32_BIT_CONVERSION = YES;
				GCC_WARN_ABOUT_RETURN_TYPE = YES_ERROR;
				GCC_WARN_UNDECLARED_SELECTOR = YES;
				GCC_WARN_UNINITIALIZED_AUTOS = YES_AGGRESSIVE;
				GCC_WARN_UNUSED_FUNCTION = YES;
				GCC_WARN_UNUSED_VARIABLE = YES;
				IPHONEOS_DEPLOYMENT_TARGET = 17.5;
				LOCALIZATION_PREFERS_STRING_CATALOGS = YES;
				MTL_ENABLE_DEBUG_INFO = INCLUDE_SOURCE;
				MTL_FAST_MATH = YES;
				ONLY_ACTIVE_ARCH = YES;
				SDKROOT = iphoneos;
				SWIFT_ACTIVE_COMPILATION_CONDITIONS = "DEBUG $(inherited)";
				SWIFT_OPTIMIZATION_LEVEL = "-Onone";
			};
			name = Debug;
		};
		13E9CF2B2CB6D69700C24D12 /* Release */ = {
			isa = XCBuildConfiguration;
			buildSettings = {
				ALWAYS_SEARCH_USER_PATHS = NO;
				ASSETCATALOG_COMPILER_GENERATE_SWIFT_ASSET_SYMBOL_EXTENSIONS = YES;
				CLANG_ANALYZER_NONNULL = YES;
				CLANG_ANALYZER_NUMBER_OBJECT_CONVERSION = YES_AGGRESSIVE;
				CLANG_CXX_LANGUAGE_STANDARD = "gnu++20";
				CLANG_ENABLE_MODULES = YES;
				CLANG_ENABLE_OBJC_ARC = YES;
				CLANG_ENABLE_OBJC_WEAK = YES;
				CLANG_WARN_BLOCK_CAPTURE_AUTORELEASING = YES;
				CLANG_WARN_BOOL_CONVERSION = YES;
				CLANG_WARN_COMMA = YES;
				CLANG_WARN_CONSTANT_CONVERSION = YES;
				CLANG_WARN_DEPRECATED_OBJC_IMPLEMENTATIONS = YES;
				CLANG_WARN_DIRECT_OBJC_ISA_USAGE = YES_ERROR;
				CLANG_WARN_DOCUMENTATION_COMMENTS = YES;
				CLANG_WARN_EMPTY_BODY = YES;
				CLANG_WARN_ENUM_CONVERSION = YES;
				CLANG_WARN_INFINITE_RECURSION = YES;
				CLANG_WARN_INT_CONVERSION = YES;
				CLANG_WARN_NON_LITERAL_NULL_CONVERSION = YES;
				CLANG_WARN_OBJC_IMPLICIT_RETAIN_SELF = YES;
				CLANG_WARN_OBJC_LITERAL_CONVERSION = YES;
				CLANG_WARN_OBJC_ROOT_CLASS = YES_ERROR;
				CLANG_WARN_QUOTED_INCLUDE_IN_FRAMEWORK_HEADER = YES;
				CLANG_WARN_RANGE_LOOP_ANALYSIS = YES;
				CLANG_WARN_STRICT_PROTOTYPES = YES;
				CLANG_WARN_SUSPICIOUS_MOVE = YES;
				CLANG_WARN_UNGUARDED_AVAILABILITY = YES_AGGRESSIVE;
				CLANG_WARN_UNREACHABLE_CODE = YES;
				CLANG_WARN__DUPLICATE_METHOD_MATCH = YES;
				COPY_PHASE_STRIP = NO;
				DEBUG_INFORMATION_FORMAT = "dwarf-with-dsym";
				ENABLE_NS_ASSERTIONS = NO;
				ENABLE_STRICT_OBJC_MSGSEND = YES;
				ENABLE_USER_SCRIPT_SANDBOXING = YES;
				GCC_C_LANGUAGE_STANDARD = gnu17;
				GCC_NO_COMMON_BLOCKS = YES;
				GCC_WARN_64_TO_32_BIT_CONVERSION = YES;
				GCC_WARN_ABOUT_RETURN_TYPE = YES_ERROR;
				GCC_WARN_UNDECLARED_SELECTOR = YES;
				GCC_WARN_UNINITIALIZED_AUTOS = YES_AGGRESSIVE;
				GCC_WARN_UNUSED_FUNCTION = YES;
				GCC_WARN_UNUSED_VARIABLE = YES;
				IPHONEOS_DEPLOYMENT_TARGET = 17.5;
				LOCALIZATION_PREFERS_STRING_CATALOGS = YES;
				MTL_ENABLE_DEBUG_INFO = NO;
				MTL_FAST_MATH = YES;
				SDKROOT = iphoneos;
				SWIFT_COMPILATION_MODE = wholemodule;
				VALIDATE_PRODUCT = YES;
			};
			name = Release;
		};
		13E9CF2D2CB6D69700C24D12 /* Debug */ = {
			isa = XCBuildConfiguration;
			buildSettings = {
				ALWAYS_EMBED_SWIFT_STANDARD_LIBRARIES = YES;
				ASSETCATALOG_COMPILER_APPICON_NAME = AppIcon;
				ASSETCATALOG_COMPILER_GLOBAL_ACCENT_COLOR_NAME = AccentColor;
				CODE_SIGN_ENTITLEMENTS = LiveActivityExample/LiveActivityExample.entitlements;
				CODE_SIGN_STYLE = Automatic;
				CURRENT_PROJECT_VERSION = 1;
				DEVELOPMENT_ASSET_PATHS = "\"LiveActivityExample/Preview Content\"";
				DEVELOPMENT_TEAM = 8FR82B7BH7;
				ENABLE_PREVIEWS = YES;
				GENERATE_INFOPLIST_FILE = YES;
				INFOPLIST_FILE = LiveActivityExample/Info.plist;
				INFOPLIST_KEY_NSSupportsLiveActivities = YES;
				INFOPLIST_KEY_UIApplicationSceneManifest_Generation = YES;
				INFOPLIST_KEY_UIApplicationSupportsIndirectInputEvents = YES;
				INFOPLIST_KEY_UILaunchScreen_Generation = YES;
				INFOPLIST_KEY_UISupportedInterfaceOrientations_iPad = "UIInterfaceOrientationPortrait UIInterfaceOrientationPortraitUpsideDown UIInterfaceOrientationLandscapeLeft UIInterfaceOrientationLandscapeRight";
				INFOPLIST_KEY_UISupportedInterfaceOrientations_iPhone = "UIInterfaceOrientationPortrait UIInterfaceOrientationLandscapeLeft UIInterfaceOrientationLandscapeRight";
				LD_RUNPATH_SEARCH_PATHS = (
					"$(inherited)",
					"@executable_path/Frameworks",
				);
				MARKETING_VERSION = 1.0;
				PRODUCT_BUNDLE_IDENTIFIER = mikhail.a.seregin.LiveActivityExample;
				PRODUCT_NAME = "$(TARGET_NAME)";
				SWIFT_EMIT_LOC_STRINGS = YES;
				SWIFT_VERSION = 5.0;
				TARGETED_DEVICE_FAMILY = "1,2";
			};
			name = Debug;
		};
		13E9CF2E2CB6D69700C24D12 /* Release */ = {
			isa = XCBuildConfiguration;
			buildSettings = {
				ALWAYS_EMBED_SWIFT_STANDARD_LIBRARIES = YES;
				ASSETCATALOG_COMPILER_APPICON_NAME = AppIcon;
				ASSETCATALOG_COMPILER_GLOBAL_ACCENT_COLOR_NAME = AccentColor;
				CODE_SIGN_ENTITLEMENTS = LiveActivityExample/LiveActivityExample.entitlements;
				CODE_SIGN_STYLE = Automatic;
				CURRENT_PROJECT_VERSION = 1;
				DEVELOPMENT_ASSET_PATHS = "\"LiveActivityExample/Preview Content\"";
				DEVELOPMENT_TEAM = 8FR82B7BH7;
				ENABLE_PREVIEWS = YES;
				GENERATE_INFOPLIST_FILE = YES;
				INFOPLIST_FILE = LiveActivityExample/Info.plist;
				INFOPLIST_KEY_NSSupportsLiveActivities = YES;
				INFOPLIST_KEY_UIApplicationSceneManifest_Generation = YES;
				INFOPLIST_KEY_UIApplicationSupportsIndirectInputEvents = YES;
				INFOPLIST_KEY_UILaunchScreen_Generation = YES;
				INFOPLIST_KEY_UISupportedInterfaceOrientations_iPad = "UIInterfaceOrientationPortrait UIInterfaceOrientationPortraitUpsideDown UIInterfaceOrientationLandscapeLeft UIInterfaceOrientationLandscapeRight";
				INFOPLIST_KEY_UISupportedInterfaceOrientations_iPhone = "UIInterfaceOrientationPortrait UIInterfaceOrientationLandscapeLeft UIInterfaceOrientationLandscapeRight";
				LD_RUNPATH_SEARCH_PATHS = (
					"$(inherited)",
					"@executable_path/Frameworks",
				);
				MARKETING_VERSION = 1.0;
				PRODUCT_BUNDLE_IDENTIFIER = mikhail.a.seregin.LiveActivityExample;
				PRODUCT_NAME = "$(TARGET_NAME)";
				SWIFT_EMIT_LOC_STRINGS = YES;
				SWIFT_VERSION = 5.0;
				TARGETED_DEVICE_FAMILY = "1,2";
			};
			name = Release;
		};
		13E9CF4B2CB6DB5200C24D12 /* Debug */ = {
			isa = XCBuildConfiguration;
			buildSettings = {
				ASSETCATALOG_COMPILER_GLOBAL_ACCENT_COLOR_NAME = AccentColor;
				ASSETCATALOG_COMPILER_WIDGET_BACKGROUND_COLOR_NAME = WidgetBackground;
				CODE_SIGN_ENTITLEMENTS = LiveActivityWidgetExtension.entitlements;
				CODE_SIGN_STYLE = Automatic;
				CURRENT_PROJECT_VERSION = 1;
				DEVELOPMENT_TEAM = 8FR82B7BH7;
				GENERATE_INFOPLIST_FILE = YES;
				INFOPLIST_FILE = LiveActivityWidget/Info.plist;
				INFOPLIST_KEY_CFBundleDisplayName = LiveActivityWidget;
				INFOPLIST_KEY_NSHumanReadableCopyright = "some text";
				INFOPLIST_KEY_NSSupportsLiveActivities = YES;
				INFOPLIST_KEY_NSSupportsLiveActivitiesFrequentUpdates = NO;
				LD_RUNPATH_SEARCH_PATHS = (
					"$(inherited)",
					"@executable_path/Frameworks",
					"@executable_path/../../Frameworks",
				);
				MARKETING_VERSION = 1.0;
				PRODUCT_BUNDLE_IDENTIFIER = mikhail.a.seregin.LiveActivityExample.LiveActivityWidget;
				PRODUCT_NAME = "$(TARGET_NAME)";
				SKIP_INSTALL = YES;
				SWIFT_EMIT_LOC_STRINGS = YES;
				SWIFT_VERSION = 5.0;
				TARGETED_DEVICE_FAMILY = "1,2";
			};
			name = Debug;
		};
		13E9CF4C2CB6DB5200C24D12 /* Release */ = {
			isa = XCBuildConfiguration;
			buildSettings = {
				ASSETCATALOG_COMPILER_GLOBAL_ACCENT_COLOR_NAME = AccentColor;
				ASSETCATALOG_COMPILER_WIDGET_BACKGROUND_COLOR_NAME = WidgetBackground;
				CODE_SIGN_ENTITLEMENTS = LiveActivityWidgetExtension.entitlements;
				CODE_SIGN_STYLE = Automatic;
				CURRENT_PROJECT_VERSION = 1;
				DEVELOPMENT_TEAM = 8FR82B7BH7;
				GENERATE_INFOPLIST_FILE = YES;
				INFOPLIST_FILE = LiveActivityWidget/Info.plist;
				INFOPLIST_KEY_CFBundleDisplayName = LiveActivityWidget;
				INFOPLIST_KEY_NSHumanReadableCopyright = "some text";
				INFOPLIST_KEY_NSSupportsLiveActivities = YES;
				INFOPLIST_KEY_NSSupportsLiveActivitiesFrequentUpdates = NO;
				LD_RUNPATH_SEARCH_PATHS = (
					"$(inherited)",
					"@executable_path/Frameworks",
					"@executable_path/../../Frameworks",
				);
				MARKETING_VERSION = 1.0;
				PRODUCT_BUNDLE_IDENTIFIER = mikhail.a.seregin.LiveActivityExample.LiveActivityWidget;
				PRODUCT_NAME = "$(TARGET_NAME)";
				SKIP_INSTALL = YES;
				SWIFT_EMIT_LOC_STRINGS = YES;
				SWIFT_VERSION = 5.0;
				TARGETED_DEVICE_FAMILY = "1,2";
			};
			name = Release;
		};
/* End XCBuildConfiguration section */

/* Begin XCConfigurationList section */
		13E9CF172CB6D69500C24D12 /* Build configuration list for PBXProject "LiveActivityExample" */ = {
			isa = XCConfigurationList;
			buildConfigurations = (
				13E9CF2A2CB6D69700C24D12 /* Debug */,
				13E9CF2B2CB6D69700C24D12 /* Release */,
			);
			defaultConfigurationIsVisible = 0;
			defaultConfigurationName = Release;
		};
		13E9CF2C2CB6D69700C24D12 /* Build configuration list for PBXNativeTarget "LiveActivityExample" */ = {
			isa = XCConfigurationList;
			buildConfigurations = (
				13E9CF2D2CB6D69700C24D12 /* Debug */,
				13E9CF2E2CB6D69700C24D12 /* Release */,
			);
			defaultConfigurationIsVisible = 0;
			defaultConfigurationName = Release;
		};
		13E9CF4A2CB6DB5200C24D12 /* Build configuration list for PBXNativeTarget "LiveActivityWidgetExtension" */ = {
			isa = XCConfigurationList;
			buildConfigurations = (
				13E9CF4B2CB6DB5200C24D12 /* Debug */,
				13E9CF4C2CB6DB5200C24D12 /* Release */,
			);
			defaultConfigurationIsVisible = 0;
			defaultConfigurationName = Release;
		};
/* End XCConfigurationList section */
	};
	rootObject = 13E9CF142CB6D69500C24D12 /* Project object */;
}
